
Microsoft Visual Studio Solution File, Format Version 12.00
# Visual Studio Version 17
VisualStudioVersion = 17.7.34221.43
MinimumVisualStudioVersion = 10.0.40219.1
Project("{FAE04EC0-301F-11D3-BF4B-00C04F79EFBC}") = "ezclip-fix", "ezclip-fix.csproj", "{4E8BEC07-D836-4352-B508-5690049B5B33}"
EndProject
Global
	GlobalSection(SolutionConfigurationPlatforms) = preSolution
		Debug|Any CPU = Debug|Any CPU
		Release|Any CPU = Release|Any CPU
	EndGlobalSection
	GlobalSection(ProjectConfigurationPlatforms) = postSolution
		{4E8BEC07-D836-4352-B508-5690049B5B33}.Debug|Any CPU.ActiveCfg = Debug|Any CPU
		{4E8BEC07-D836-4352-B508-5690049B5B33}.Debug|Any CPU.Build.0 = Debug|Any CPU
		{4E8BEC07-D836-4352-B508-5690049B5B33}.Release|Any CPU.ActiveCfg = Release|Any CPU
		{4E8BEC07-D836-4352-B508-5690049B5B33}.Release|Any CPU.Build.0 = Release|Any CPU
	EndGlobalSection
	GlobalSection(SolutionProperties) = preSolution
		HideSolutionNode = FALSE
	EndGlobalSection
	GlobalSection(ExtensibilityGlobals) = postSolution
		SolutionGuid = {87D97754-DD0D-4600-808B-D9D5CABCD7C2}
	EndGlobalSection
EndGlobal
